
Microsoft Visual Studio Solution File, Format Version 12.00
# Visual Studio 15
VisualStudioVersion = 15.0.28307.1022
MinimumVisualStudioVersion = 10.0.40219.1
Project("{FAE04EC0-301F-11D3-BF4B-00C04F79EFBC}") = "WebBanMyPham", "WebBanMyPham\WebBanMyPham.csproj", "{BBBB65C6-3E22-4479-A247-932C3D98C7C1}"
EndProject
Project("{FAE04EC0-301F-11D3-BF4B-00C04F79EFBC}") = "Library", "Library\Library.csproj", "{1D2610B5-5115-4501-BD1D-DEBDC9AB979C}"
EndProject
Global
	GlobalSection(SolutionConfigurationPlatforms) = preSolution
		Debug|Any CPU = Debug|Any CPU
		Release|Any CPU = Release|Any CPU
	EndGlobalSection
	GlobalSection(ProjectConfigurationPlatforms) = postSolution
		{BBBB65C6-3E22-4479-A247-932C3D98C7C1}.Debug|Any CPU.ActiveCfg = Debug|Any CPU
		{BBBB65C6-3E22-4479-A247-932C3D98C7C1}.Debug|Any CPU.Build.0 = Debug|Any CPU
		{BBBB65C6-3E22-4479-A247-932C3D98C7C1}.Release|Any CPU.ActiveCfg = Release|Any CPU
		{BBBB65C6-3E22-4479-A247-932C3D98C7C1}.Release|Any CPU.Build.0 = Release|Any CPU
		{1D2610B5-5115-4501-BD1D-DEBDC9AB979C}.Debug|Any CPU.ActiveCfg = Debug|Any CPU
		{1D2610B5-5115-4501-BD1D-DEBDC9AB979C}.Debug|Any CPU.Build.0 = Debug|Any CPU
		{1D2610B5-5115-4501-BD1D-DEBDC9AB979C}.Release|Any CPU.ActiveCfg = Release|Any CPU
		{1D2610B5-5115-4501-BD1D-DEBDC9AB979C}.Release|Any CPU.Build.0 = Release|Any CPU
	EndGlobalSection
	GlobalSection(SolutionProperties) = preSolution
		HideSolutionNode = FALSE
	EndGlobalSection
	GlobalSection(ExtensibilityGlobals) = postSolution
		SolutionGuid = {EFF4F0D2-9A1F-4153-800A-8329A2C61011}
	EndGlobalSection
EndGlobal
